// !$*UTF8*$!
{
	archiveVersion = 1;
	classes = {
	};
	objectVersion = 46;
	objects = {

/* Begin PBXBuildFile section */
		920E2C95190653B400FCDBEE /* Foundation.framework in Frameworks */ = {isa = PBXBuildFile; fileRef = 920E2C94190653B400FCDBEE /* Foundation.framework */; };
		920E2C97190653B400FCDBEE /* CoreGraphics.framework in Frameworks */ = {isa = PBXBuildFile; fileRef = 920E2C96190653B400FCDBEE /* CoreGraphics.framework */; };
		920E2C99190653B400FCDBEE /* UIKit.framework in Frameworks */ = {isa = PBXBuildFile; fileRef = 920E2C98190653B400FCDBEE /* UIKit.framework */; };
		920E2CAE190653B400FCDBEE /* XCTest.framework in Frameworks */ = {isa = PBXBuildFile; fileRef = 920E2CAD190653B400FCDBEE /* XCTest.framework */; };
		920E2CAF190653B400FCDBEE /* Foundation.framework in Frameworks */ = {isa = PBXBuildFile; fileRef = 920E2C94190653B400FCDBEE /* Foundation.framework */; };
		920E2CB0190653B400FCDBEE /* UIKit.framework in Frameworks */ = {isa = PBXBuildFile; fileRef = 920E2C98190653B400FCDBEE /* UIKit.framework */; };
		920E2CEC1908A9A700FCDBEE /* LRObservedObject.m in Sources */ = {isa = PBXBuildFile; fileRef = 920E2CDD1908A9A700FCDBEE /* LRObservedObject.m */; };
		920E2CED1908A9A700FCDBEE /* LRTableViewModel.m in Sources */ = {isa = PBXBuildFile; fileRef = 920E2CE11908A9A700FCDBEE /* LRTableViewModel.m */; };
		920E2CEE1908A9A700FCDBEE /* LRTableViewPart.m in Sources */ = {isa = PBXBuildFile; fileRef = 920E2CE31908A9A700FCDBEE /* LRTableViewPart.m */; };
		920E2CEF1908A9A700FCDBEE /* LRTableViewSection.m in Sources */ = {isa = PBXBuildFile; fileRef = 920E2CE51908A9A700FCDBEE /* LRTableViewSection.m */; };
		920E2CF01908A9A700FCDBEE /* LRTableViewUtilities.m in Sources */ = {isa = PBXBuildFile; fileRef = 920E2CE71908A9A700FCDBEE /* LRTableViewUtilities.m */; };
		920E2CF11908A9A700FCDBEE /* UITableViewCell+LRTableViewCellPartRowNumber.m in Sources */ = {isa = PBXBuildFile; fileRef = 920E2CE91908A9A700FCDBEE /* UITableViewCell+LRTableViewCellPartRowNumber.m */; };
		920E2CF21908A9A700FCDBEE /* UIViewController+LRTableViewAdditions.m in Sources */ = {isa = PBXBuildFile; fileRef = 920E2CEB1908A9A700FCDBEE /* UIViewController+LRTableViewAdditions.m */; };
		92B3DCB81908B0B9009AC7ED /* Tests.m in Sources */ = {isa = PBXBuildFile; fileRef = 92EDEDB71908AE6D001F5791 /* Tests.m */; };
		92B3DCBB1908B0F7009AC7ED /* CoreGraphics.framework in Frameworks */ = {isa = PBXBuildFile; fileRef = 920E2C96190653B400FCDBEE /* CoreGraphics.framework */; };
		92B3DCBC1908B0FE009AC7ED /* InfoPlist.strings in Resources */ = {isa = PBXBuildFile; fileRef = 92EDEDB51908AE6D001F5791 /* InfoPlist.strings */; };
		92EDEDB91908AE6D001F5791 /* AppDelegate.m in Sources */ = {isa = PBXBuildFile; fileRef = 92EDEDAD1908AE6D001F5791 /* AppDelegate.m */; };
		92EDEDBC1908AE6D001F5791 /* main.m in Sources */ = {isa = PBXBuildFile; fileRef = 92EDEDB11908AE6D001F5791 /* main.m */; };
/* End PBXBuildFile section */

/* Begin PBXContainerItemProxy section */
		920E2CB1190653B400FCDBEE /* PBXContainerItemProxy */ = {
			isa = PBXContainerItemProxy;
			containerPortal = 920E2C89190653B400FCDBEE /* Project object */;
			proxyType = 1;
			remoteGlobalIDString = 920E2C90190653B400FCDBEE;
			remoteInfo = LRTableViewTests;
		};
/* End PBXContainerItemProxy section */

/* Begin PBXFileReference section */
		920E2C91190653B400FCDBEE /* Tests.app */ = {isa = PBXFileReference; explicitFileType = wrapper.application; includeInIndex = 0; path = Tests.app; sourceTree = BUILT_PRODUCTS_DIR; };
		920E2C94190653B400FCDBEE /* Foundation.framework */ = {isa = PBXFileReference; lastKnownFileType = wrapper.framework; name = Foundation.framework; path = System/Library/Frameworks/Foundation.framework; sourceTree = SDKROOT; };
		920E2C96190653B400FCDBEE /* CoreGraphics.framework */ = {isa = PBXFileReference; lastKnownFileType = wrapper.framework; name = CoreGraphics.framework; path = System/Library/Frameworks/CoreGraphics.framework; sourceTree = SDKROOT; };
		920E2C98190653B400FCDBEE /* UIKit.framework */ = {isa = PBXFileReference; lastKnownFileType = wrapper.framework; name = UIKit.framework; path = System/Library/Frameworks/UIKit.framework; sourceTree = SDKROOT; };
		920E2CAC190653B400FCDBEE /* TestsTests.xctest */ = {isa = PBXFileReference; explicitFileType = wrapper.cfbundle; includeInIndex = 0; path = TestsTests.xctest; sourceTree = BUILT_PRODUCTS_DIR; };
		920E2CAD190653B400FCDBEE /* XCTest.framework */ = {isa = PBXFileReference; lastKnownFileType = wrapper.framework; name = XCTest.framework; path = Library/Frameworks/XCTest.framework; sourceTree = DEVELOPER_DIR; };
		920E2CDC1908A9A700FCDBEE /* LRObservedObject.h */ = {isa = PBXFileReference; fileEncoding = 4; lastKnownFileType = sourcecode.c.h; path = LRObservedObject.h; sourceTree = "<group>"; };
		920E2CDD1908A9A700FCDBEE /* LRObservedObject.m */ = {isa = PBXFileReference; fileEncoding = 4; lastKnownFileType = sourcecode.c.objc; path = LRObservedObject.m; sourceTree = "<group>"; };
		920E2CDE1908A9A700FCDBEE /* LRTableViewCellDelegate.h */ = {isa = PBXFileReference; fileEncoding = 4; lastKnownFileType = sourcecode.c.h; path = LRTableViewCellDelegate.h; sourceTree = "<group>"; };
		920E2CDF1908A9A700FCDBEE /* LRTableViewCellHeightDelegate.h */ = {isa = PBXFileReference; fileEncoding = 4; lastKnownFileType = sourcecode.c.h; path = LRTableViewCellHeightDelegate.h; sourceTree = "<group>"; };
		920E2CE01908A9A700FCDBEE /* LRTableViewModel.h */ = {isa = PBXFileReference; fileEncoding = 4; lastKnownFileType = sourcecode.c.h; path = LRTableViewModel.h; sourceTree = "<group>"; };
		920E2CE11908A9A700FCDBEE /* LRTableViewModel.m */ = {isa = PBXFileReference; fileEncoding = 4; lastKnownFileType = sourcecode.c.objc; path = LRTableViewModel.m; sourceTree = "<group>"; };
		920E2CE21908A9A700FCDBEE /* LRTableViewPart.h */ = {isa = PBXFileReference; fileEncoding = 4; lastKnownFileType = sourcecode.c.h; path = LRTableViewPart.h; sourceTree = "<group>"; };
		920E2CE31908A9A700FCDBEE /* LRTableViewPart.m */ = {isa = PBXFileReference; fileEncoding = 4; lastKnownFileType = sourcecode.c.objc; path = LRTableViewPart.m; sourceTree = "<group>"; };
		920E2CE41908A9A700FCDBEE /* LRTableViewSection.h */ = {isa = PBXFileReference; fileEncoding = 4; lastKnownFileType = sourcecode.c.h; path = LRTableViewSection.h; sourceTree = "<group>"; };
		920E2CE51908A9A700FCDBEE /* LRTableViewSection.m */ = {isa = PBXFileReference; fileEncoding = 4; lastKnownFileType = sourcecode.c.objc; path = LRTableViewSection.m; sourceTree = "<group>"; };
		920E2CE61908A9A700FCDBEE /* LRTableViewUtilities.h */ = {isa = PBXFileReference; fileEncoding = 4; lastKnownFileType = sourcecode.c.h; path = LRTableViewUtilities.h; sourceTree = "<group>"; };
		920E2CE71908A9A700FCDBEE /* LRTableViewUtilities.m */ = {isa = PBXFileReference; fileEncoding = 4; lastKnownFileType = sourcecode.c.objc; path = LRTableViewUtilities.m; sourceTree = "<group>"; };
		920E2CE81908A9A700FCDBEE /* UITableViewCell+LRTableViewCellPartRowNumber.h */ = {isa = PBXFileReference; fileEncoding = 4; lastKnownFileType = sourcecode.c.h; path = "UITableViewCell+LRTableViewCellPartRowNumber.h"; sourceTree = "<group>"; };
		920E2CE91908A9A700FCDBEE /* UITableViewCell+LRTableViewCellPartRowNumber.m */ = {isa = PBXFileReference; fileEncoding = 4; lastKnownFileType = sourcecode.c.objc; path = "UITableViewCell+LRTableViewCellPartRowNumber.m"; sourceTree = "<group>"; };
		920E2CEA1908A9A700FCDBEE /* UIViewController+LRTableViewAdditions.h */ = {isa = PBXFileReference; fileEncoding = 4; lastKnownFileType = sourcecode.c.h; path = "UIViewController+LRTableViewAdditions.h"; sourceTree = "<group>"; };
		920E2CEB1908A9A700FCDBEE /* UIViewController+LRTableViewAdditions.m */ = {isa = PBXFileReference; fileEncoding = 4; lastKnownFileType = sourcecode.c.objc; path = "UIViewController+LRTableViewAdditions.m"; sourceTree = "<group>"; };
		92EDEDAC1908AE6D001F5791 /* AppDelegate.h */ = {isa = PBXFileReference; fileEncoding = 4; lastKnownFileType = sourcecode.c.h; path = AppDelegate.h; sourceTree = "<group>"; };
		92EDEDAD1908AE6D001F5791 /* AppDelegate.m */ = {isa = PBXFileReference; fileEncoding = 4; lastKnownFileType = sourcecode.c.objc; path = AppDelegate.m; sourceTree = "<group>"; };
		92EDEDB11908AE6D001F5791 /* main.m */ = {isa = PBXFileReference; fileEncoding = 4; lastKnownFileType = sourcecode.c.objc; path = main.m; sourceTree = "<group>"; };
		92EDEDB21908AE6D001F5791 /* TestTarget-Info.plist */ = {isa = PBXFileReference; fileEncoding = 4; lastKnownFileType = text.plist.xml; path = "TestTarget-Info.plist"; sourceTree = "<group>"; };
		92EDEDB31908AE6D001F5791 /* Tests-Prefix.pch */ = {isa = PBXFileReference; fileEncoding = 4; lastKnownFileType = sourcecode.c.h; path = "Tests-Prefix.pch"; sourceTree = "<group>"; };
		92EDEDB61908AE6D001F5791 /* en */ = {isa = PBXFileReference; lastKnownFileType = text.plist.strings; name = en; path = en.lproj/InfoPlist.strings; sourceTree = "<group>"; };
		92EDEDB71908AE6D001F5791 /* Tests.m */ = {isa = PBXFileReference; fileEncoding = 4; lastKnownFileType = sourcecode.c.objc; path = Tests.m; sourceTree = "<group>"; };
		92EDEDB81908AE6D001F5791 /* Tests-Info.plist */ = {isa = PBXFileReference; fileEncoding = 4; lastKnownFileType = text.plist.xml; path = "Tests-Info.plist"; sourceTree = "<group>"; };
/* End PBXFileReference section */

/* Begin PBXFrameworksBuildPhase section */
		920E2C8E190653B400FCDBEE /* Frameworks */ = {
			isa = PBXFrameworksBuildPhase;
			buildActionMask = 2147483647;
			files = (
				920E2C97190653B400FCDBEE /* CoreGraphics.framework in Frameworks */,
				920E2C99190653B400FCDBEE /* UIKit.framework in Frameworks */,
				920E2C95190653B400FCDBEE /* Foundation.framework in Frameworks */,
			);
			runOnlyForDeploymentPostprocessing = 0;
		};
		920E2CA9190653B400FCDBEE /* Frameworks */ = {
			isa = PBXFrameworksBuildPhase;
			buildActionMask = 2147483647;
			files = (
				92B3DCBB1908B0F7009AC7ED /* CoreGraphics.framework in Frameworks */,
				920E2CAE190653B400FCDBEE /* XCTest.framework in Frameworks */,
				920E2CB0190653B400FCDBEE /* UIKit.framework in Frameworks */,
				920E2CAF190653B400FCDBEE /* Foundation.framework in Frameworks */,
			);
			runOnlyForDeploymentPostprocessing = 0;
		};
/* End PBXFrameworksBuildPhase section */

/* Begin PBXGroup section */
		920E2C88190653B400FCDBEE = {
			isa = PBXGroup;
			children = (
				920E2CDB1908A9A700FCDBEE /* LRTableViewAdditions */,
				92EDEDAB1908AE6D001F5791 /* Code */,
				92EDEDB41908AE6D001F5791 /* Tests */,
				920E2C93190653B400FCDBEE /* Frameworks */,
				920E2C92190653B400FCDBEE /* Products */,
			);
			sourceTree = "<group>";
		};
		920E2C92190653B400FCDBEE /* Products */ = {
			isa = PBXGroup;
			children = (
				920E2C91190653B400FCDBEE /* Tests.app */,
				920E2CAC190653B400FCDBEE /* TestsTests.xctest */,
			);
			name = Products;
			sourceTree = "<group>";
		};
		920E2C93190653B400FCDBEE /* Frameworks */ = {
			isa = PBXGroup;
			children = (
				920E2C94190653B400FCDBEE /* Foundation.framework */,
				920E2C96190653B400FCDBEE /* CoreGraphics.framework */,
				920E2C98190653B400FCDBEE /* UIKit.framework */,
				920E2CAD190653B400FCDBEE /* XCTest.framework */,
			);
			name = Frameworks;
			sourceTree = "<group>";
		};
		920E2CDB1908A9A700FCDBEE /* LRTableViewAdditions */ = {
			isa = PBXGroup;
			children = (
				920E2CDC1908A9A700FCDBEE /* LRObservedObject.h */,
				920E2CDD1908A9A700FCDBEE /* LRObservedObject.m */,
				920E2CDE1908A9A700FCDBEE /* LRTableViewCellDelegate.h */,
				920E2CDF1908A9A700FCDBEE /* LRTableViewCellHeightDelegate.h */,
				920E2CE01908A9A700FCDBEE /* LRTableViewModel.h */,
				920E2CE11908A9A700FCDBEE /* LRTableViewModel.m */,
				920E2CE21908A9A700FCDBEE /* LRTableViewPart.h */,
				920E2CE31908A9A700FCDBEE /* LRTableViewPart.m */,
				920E2CE41908A9A700FCDBEE /* LRTableViewSection.h */,
				920E2CE51908A9A700FCDBEE /* LRTableViewSection.m */,
				920E2CE61908A9A700FCDBEE /* LRTableViewUtilities.h */,
				920E2CE71908A9A700FCDBEE /* LRTableViewUtilities.m */,
				920E2CE81908A9A700FCDBEE /* UITableViewCell+LRTableViewCellPartRowNumber.h */,
				920E2CE91908A9A700FCDBEE /* UITableViewCell+LRTableViewCellPartRowNumber.m */,
				920E2CEA1908A9A700FCDBEE /* UIViewController+LRTableViewAdditions.h */,
				920E2CEB1908A9A700FCDBEE /* UIViewController+LRTableViewAdditions.m */,
			);
			name = LRTableViewAdditions;
			path = ../LRTableViewAdditions;
			sourceTree = "<group>";
		};
		92EDEDAB1908AE6D001F5791 /* Code */ = {
			isa = PBXGroup;
			children = (
				92EDEDAC1908AE6D001F5791 /* AppDelegate.h */,
				92EDEDAD1908AE6D001F5791 /* AppDelegate.m */,
				92EDEDB11908AE6D001F5791 /* main.m */,
				92EDEDB21908AE6D001F5791 /* TestTarget-Info.plist */,
				92EDEDB31908AE6D001F5791 /* Tests-Prefix.pch */,
			);
			path = Code;
			sourceTree = "<group>";
		};
		92EDEDB41908AE6D001F5791 /* Tests */ = {
			isa = PBXGroup;
			children = (
				92EDEDB51908AE6D001F5791 /* InfoPlist.strings */,
				92EDEDB71908AE6D001F5791 /* Tests.m */,
				92EDEDB81908AE6D001F5791 /* Tests-Info.plist */,
			);
			path = Tests;
			sourceTree = "<group>";
		};
/* End PBXGroup section */

/* Begin PBXNativeTarget section */
		920E2C90190653B400FCDBEE /* TestTarget */ = {
			isa = PBXNativeTarget;
			buildConfigurationList = 920E2CBD190653B400FCDBEE /* Build configuration list for PBXNativeTarget "TestTarget" */;
			buildPhases = (
				920E2C8D190653B400FCDBEE /* Sources */,
				920E2C8E190653B400FCDBEE /* Frameworks */,
				920E2C8F190653B400FCDBEE /* Resources */,
			);
			buildRules = (
			);
			dependencies = (
			);
			name = TestTarget;
			productName = LRTableViewTests;
			productReference = 920E2C91190653B400FCDBEE /* Tests.app */;
			productType = "com.apple.product-type.application";
		};
		920E2CAB190653B400FCDBEE /* Tests */ = {
			isa = PBXNativeTarget;
			buildConfigurationList = 920E2CC0190653B400FCDBEE /* Build configuration list for PBXNativeTarget "Tests" */;
			buildPhases = (
				920E2CA8190653B400FCDBEE /* Sources */,
				920E2CA9190653B400FCDBEE /* Frameworks */,
				920E2CAA190653B400FCDBEE /* Resources */,
			);
			buildRules = (
			);
			dependencies = (
				920E2CB2190653B400FCDBEE /* PBXTargetDependency */,
			);
			name = Tests;
			productName = LRTableViewTestsTests;
			productReference = 920E2CAC190653B400FCDBEE /* TestsTests.xctest */;
			productType = "com.apple.product-type.bundle.unit-test";
		};
/* End PBXNativeTarget section */

/* Begin PBXProject section */
		920E2C89190653B400FCDBEE /* Project object */ = {
			isa = PBXProject;
			attributes = {
				LastUpgradeCheck = 0510;
				ORGANIZATIONNAME = "Leetr Inc";
				TargetAttributes = {
					920E2CAB190653B400FCDBEE = {
						TestTargetID = 920E2C90190653B400FCDBEE;
					};
				};
			};
			buildConfigurationList = 920E2C8C190653B400FCDBEE /* Build configuration list for PBXProject "Tests" */;
			compatibilityVersion = "Xcode 3.2";
			developmentRegion = English;
			hasScannedForEncodings = 0;
			knownRegions = (
				en,
			);
			mainGroup = 920E2C88190653B400FCDBEE;
			productRefGroup = 920E2C92190653B400FCDBEE /* Products */;
			projectDirPath = "";
			projectRoot = "";
			targets = (
				920E2C90190653B400FCDBEE /* TestTarget */,
				920E2CAB190653B400FCDBEE /* Tests */,
			);
		};
/* End PBXProject section */

/* Begin PBXResourcesBuildPhase section */
		920E2C8F190653B400FCDBEE /* Resources */ = {
			isa = PBXResourcesBuildPhase;
			buildActionMask = 2147483647;
			files = (
			);
			runOnlyForDeploymentPostprocessing = 0;
		};
		920E2CAA190653B400FCDBEE /* Resources */ = {
			isa = PBXResourcesBuildPhase;
			buildActionMask = 2147483647;
			files = (
				92B3DCBC1908B0FE009AC7ED /* InfoPlist.strings in Resources */,
			);
			runOnlyForDeploymentPostprocessing = 0;
		};
/* End PBXResourcesBuildPhase section */

/* Begin PBXSourcesBuildPhase section */
		920E2C8D190653B400FCDBEE /* Sources */ = {
			isa = PBXSourcesBuildPhase;
			buildActionMask = 2147483647;
			files = (
				920E2CF21908A9A700FCDBEE /* UIViewController+LRTableViewAdditions.m in Sources */,
				920E2CF01908A9A700FCDBEE /* LRTableViewUtilities.m in Sources */,
				920E2CEC1908A9A700FCDBEE /* LRObservedObject.m in Sources */,
				920E2CEF1908A9A700FCDBEE /* LRTableViewSection.m in Sources */,
				92EDEDB91908AE6D001F5791 /* AppDelegate.m in Sources */,
				920E2CED1908A9A700FCDBEE /* LRTableViewModel.m in Sources */,
				920E2CF11908A9A700FCDBEE /* UITableViewCell+LRTableViewCellPartRowNumber.m in Sources */,
				92EDEDBC1908AE6D001F5791 /* main.m in Sources */,
				920E2CEE1908A9A700FCDBEE /* LRTableViewPart.m in Sources */,
			);
			runOnlyForDeploymentPostprocessing = 0;
		};
		920E2CA8190653B400FCDBEE /* Sources */ = {
			isa = PBXSourcesBuildPhase;
			buildActionMask = 2147483647;
			files = (
				92B3DCB81908B0B9009AC7ED /* Tests.m in Sources */,
			);
			runOnlyForDeploymentPostprocessing = 0;
		};
/* End PBXSourcesBuildPhase section */

/* Begin PBXTargetDependency section */
		920E2CB2190653B400FCDBEE /* PBXTargetDependency */ = {
			isa = PBXTargetDependency;
			target = 920E2C90190653B400FCDBEE /* TestTarget */;
			targetProxy = 920E2CB1190653B400FCDBEE /* PBXContainerItemProxy */;
		};
/* End PBXTargetDependency section */

/* Begin PBXVariantGroup section */
		92EDEDB51908AE6D001F5791 /* InfoPlist.strings */ = {
			isa = PBXVariantGroup;
			children = (
				92EDEDB61908AE6D001F5791 /* en */,
			);
			name = InfoPlist.strings;
			sourceTree = "<group>";
		};
/* End PBXVariantGroup section */

/* Begin XCBuildConfiguration section */
		920E2CBB190653B400FCDBEE /* Debug */ = {
			isa = XCBuildConfiguration;
			buildSettings = {
				ALWAYS_SEARCH_USER_PATHS = NO;
				CLANG_CXX_LANGUAGE_STANDARD = "gnu++0x";
				CLANG_CXX_LIBRARY = "libc++";
				CLANG_ENABLE_MODULES = YES;
				CLANG_ENABLE_OBJC_ARC = YES;
				CLANG_WARN_BOOL_CONVERSION = YES;
				CLANG_WARN_CONSTANT_CONVERSION = YES;
				CLANG_WARN_DIRECT_OBJC_ISA_USAGE = YES_ERROR;
				CLANG_WARN_EMPTY_BODY = YES;
				CLANG_WARN_ENUM_CONVERSION = YES;
				CLANG_WARN_INT_CONVERSION = YES;
				CLANG_WARN_OBJC_ROOT_CLASS = YES_ERROR;
				CLANG_WARN__DUPLICATE_METHOD_MATCH = YES;
				"CODE_SIGN_IDENTITY[sdk=iphoneos*]" = "iPhone Developer";
				COPY_PHASE_STRIP = NO;
				GCC_C_LANGUAGE_STANDARD = gnu99;
				GCC_DYNAMIC_NO_PIC = NO;
				GCC_OPTIMIZATION_LEVEL = 0;
				GCC_PREPROCESSOR_DEFINITIONS = (
					"DEBUG=1",
					"$(inherited)",
				);
				GCC_SYMBOLS_PRIVATE_EXTERN = NO;
				GCC_WARN_64_TO_32_BIT_CONVERSION = YES;
				GCC_WARN_ABOUT_RETURN_TYPE = YES_ERROR;
				GCC_WARN_UNDECLARED_SELECTOR = YES;
				GCC_WARN_UNINITIALIZED_AUTOS = YES_AGGRESSIVE;
				GCC_WARN_UNUSED_FUNCTION = YES;
				GCC_WARN_UNUSED_VARIABLE = YES;
				IPHONEOS_DEPLOYMENT_TARGET = 7.1;
				ONLY_ACTIVE_ARCH = YES;
				SDKROOT = iphoneos;
			};
			name = Debug;
		};
		920E2CBC190653B400FCDBEE /* Release */ = {
			isa = XCBuildConfiguration;
			buildSettings = {
				ALWAYS_SEARCH_USER_PATHS = NO;
				CLANG_CXX_LANGUAGE_STANDARD = "gnu++0x";
				CLANG_CXX_LIBRARY = "libc++";
				CLANG_ENABLE_MODULES = YES;
				CLANG_ENABLE_OBJC_ARC = YES;
				CLANG_WARN_BOOL_CONVERSION = YES;
				CLANG_WARN_CONSTANT_CONVERSION = YES;
				CLANG_WARN_DIRECT_OBJC_ISA_USAGE = YES_ERROR;
				CLANG_WARN_EMPTY_BODY = YES;
				CLANG_WARN_ENUM_CONVERSION = YES;
				CLANG_WARN_INT_CONVERSION = YES;
				CLANG_WARN_OBJC_ROOT_CLASS = YES_ERROR;
				CLANG_WARN__DUPLICATE_METHOD_MATCH = YES;
				"CODE_SIGN_IDENTITY[sdk=iphoneos*]" = "iPhone Developer";
				COPY_PHASE_STRIP = YES;
				ENABLE_NS_ASSERTIONS = NO;
				GCC_C_LANGUAGE_STANDARD = gnu99;
				GCC_WARN_64_TO_32_BIT_CONVERSION = YES;
				GCC_WARN_ABOUT_RETURN_TYPE = YES_ERROR;
				GCC_WARN_UNDECLARED_SELECTOR = YES;
				GCC_WARN_UNINITIALIZED_AUTOS = YES_AGGRESSIVE;
				GCC_WARN_UNUSED_FUNCTION = YES;
				GCC_WARN_UNUSED_VARIABLE = YES;
				IPHONEOS_DEPLOYMENT_TARGET = 7.1;
				SDKROOT = iphoneos;
				VALIDATE_PRODUCT = YES;
			};
			name = Release;
		};
		920E2CBE190653B400FCDBEE /* Debug */ = {
			isa = XCBuildConfiguration;
			buildSettings = {
				ASSETCATALOG_COMPILER_APPICON_NAME = AppIcon;
				ASSETCATALOG_COMPILER_LAUNCHIMAGE_NAME = LaunchImage;
				GCC_PRECOMPILE_PREFIX_HEADER = YES;
				GCC_PREFIX_HEADER = "Code/Tests-Prefix.pch";
				INFOPLIST_FILE = "$(SRCROOT)/Code/TestTarget-Info.plist";
				PRODUCT_NAME = Tests;
				WRAPPER_EXTENSION = app;
			};
			name = Debug;
		};
		920E2CBF190653B400FCDBEE /* Release */ = {
			isa = XCBuildConfiguration;
			buildSettings = {
				ASSETCATALOG_COMPILER_APPICON_NAME = AppIcon;
				ASSETCATALOG_COMPILER_LAUNCHIMAGE_NAME = LaunchImage;
				GCC_PRECOMPILE_PREFIX_HEADER = YES;
				GCC_PREFIX_HEADER = "Code/Tests-Prefix.pch";
				INFOPLIST_FILE = "$(SRCROOT)/Code/TestTarget-Info.plist";
				PRODUCT_NAME = Tests;
				WRAPPER_EXTENSION = app;
			};
			name = Release;
		};
		920E2CC1190653B400FCDBEE /* Debug */ = {
			isa = XCBuildConfiguration;
			buildSettings = {
				BUNDLE_LOADER = "$(BUILT_PRODUCTS_DIR)/Tests.app/Tests";
				FRAMEWORK_SEARCH_PATHS = (
					"$(SDKROOT)/Developer/Library/Frameworks",
					"$(inherited)",
					"$(DEVELOPER_FRAMEWORKS_DIR)",
				);
				GCC_PRECOMPILE_PREFIX_HEADER = YES;
				GCC_PREFIX_HEADER = "Code/Tests-Prefix.pch";
				GCC_PREPROCESSOR_DEFINITIONS = (
					"DEBUG=1",
					"$(inherited)",
				);
				INFOPLIST_FILE = "Tests/Tests-Info.plist";
				PRODUCT_NAME = TestsTests;
				TEST_HOST = "$(BUNDLE_LOADER)";
				WRAPPER_EXTENSION = xctest;
			};
			name = Debug;
		};
		920E2CC2190653B400FCDBEE /* Release */ = {
			isa = XCBuildConfiguration;
			buildSettings = {
				BUNDLE_LOADER = "$(BUILT_PRODUCTS_DIR)/Tests.app/Tests";
				FRAMEWORK_SEARCH_PATHS = (
					"$(SDKROOT)/Developer/Library/Frameworks",
					"$(inherited)",
					"$(DEVELOPER_FRAMEWORKS_DIR)",
				);
				GCC_PRECOMPILE_PREFIX_HEADER = YES;
				GCC_PREFIX_HEADER = "Code/Tests-Prefix.pch";
				INFOPLIST_FILE = "Tests/Tests-Info.plist";
				PRODUCT_NAME = TestsTests;
				TEST_HOST = "$(BUNDLE_LOADER)";
				WRAPPER_EXTENSION = xctest;
			};
			name = Release;
		};
/* End XCBuildConfiguration section */

/* Begin XCConfigurationList section */
		920E2C8C190653B400FCDBEE /* Build configuration list for PBXProject "Tests" */ = {
			isa = XCConfigurationList;
			buildConfigurations = (
				920E2CBB190653B400FCDBEE /* Debug */,
				920E2CBC190653B400FCDBEE /* Release */,
			);
			defaultConfigurationIsVisible = 0;
			defaultConfigurationName = Release;
		};
		920E2CBD190653B400FCDBEE /* Build configuration list for PBXNativeTarget "TestTarget" */ = {
			isa = XCConfigurationList;
			buildConfigurations = (
				920E2CBE190653B400FCDBEE /* Debug */,
				920E2CBF190653B400FCDBEE /* Release */,
			);
			defaultConfigurationIsVisible = 0;
			defaultConfigurationName = Release;
		};
		920E2CC0190653B400FCDBEE /* Build configuration list for PBXNativeTarget "Tests" */ = {
			isa = XCConfigurationList;
			buildConfigurations = (
				920E2CC1190653B400FCDBEE /* Debug */,
				920E2CC2190653B400FCDBEE /* Release */,
			);
			defaultConfigurationIsVisible = 0;
			defaultConfigurationName = Release;
		};
/* End XCConfigurationList section */
	};
	rootObject = 920E2C89190653B400FCDBEE /* Project object */;
}
